{
  "nodes": {
    "nixpkgs": {
      "locked": {
        "lastModified": 1772963539,
        "narHash": "sha256-9jVDGZnvCckTGdYT53d/EfznygLskyLQXYwJLKMPsZs=",
        "owner": "NixOS",
        "repo": "nixpkgs",
        "rev": "9dcb002ca1690658be4a04645215baea8b95f31d",
        "type": "github"
      },
      "original": {
        "owner": "NixOS",
        "ref": "nixos-unstable",
        "repo": "nixpkgs",
        "type": "github"
      }
    },
    "nixpkgs_2": {
      "locked": {
        "lastModified": 1767640445,
        "narHash": "sha256-UWYqmD7JFBEDBHWYcqE6s6c77pWdcU/i+bwD6XxMb8A=",
        "owner": "NixOS",
        "repo": "nixpkgs",
        "rev": "9f0c42f8bc7151b8e7e5840fb3bd454ad850d8c5",
        "type": "github"
      },
      "original": {
        "owner": "NixOS",
        "ref": "nixos-unstable",
        "repo": "nixpkgs",
        "type": "github"
      }
    },
    "openspec": {
      "inputs": {
        "nixpkgs": "nixpkgs_2"
      },
      "locked": {
        "lastModified": 1772182342,
        "narHash": "sha256-9Q0iUyZGcDPLdgvnrBN3GumV8g9akV8TFb8bFkD1yYs=",
        "owner": "Fission-AI",
        "repo": "OpenSpec",
        "rev": "afdca0d5dab1aa109cfd8848b2512333ccad60c3",
        "type": "github"
      },
      "original": {
        "owner": "Fission-AI",
        "repo": "OpenSpec",
        "type": "github"
      }
    },
    "root": {
      "inputs": {
        "nixpkgs": "nixpkgs",
        "openspec": "openspec",
        "ticket-src": "ticket-src"
      }
    },
    "ticket-src": {
      "flake": false,
      "locked": {
        "lastModified": 1771728878,
        "narHash": "sha256-zvt+SbHmQxqTvt2JyFXyYU1k3JM6AEsSIDI0RhpmPPk=",
        "owner": "wedow",
        "repo": "ticket",
        "rev": "b564596e6f9ee5a9bf300600b61e1c681dc26d28",
        "type": "github"
      },
      "original": {
        "owner": "wedow",
        "repo": "ticket",
        "type": "github"
      }
    }
  },
  "root": "root",
  "version": 7
}
